<?xml version="1.0" encoding="utf-8"?>
<Project ToolsVersion="4.0" xmlns="http://schemas.microsoft.com/developer/msbuild/2003">
  <ItemGroup>
    <Filter Include="Fichiers sources">
      <UniqueIdentifier>{4FC737F1-C7A5-4376-A066-2A32D752A2FF}</UniqueIdentifier>
      <Extensions>cpp;c;cc;cxx;def;odl;idl;hpj;bat;asm;asmx</Extensions>
    </Filter>
    <Filter Include="Fichiers d%27en-tête">
      <UniqueIdentifier>{93995380-89BD-4b04-88EB-625FBE52EBFB}</UniqueIdentifier>
      <Extensions>h;hh;hpp;hxx;hm;inl;inc;xsd</Extensions>
    </Filter>
    <Filter Include="Fichiers de ressources">
      <UniqueIdentifier>{67DA6AB6-F800-4c08-8B7A-83BB121AAD01}</UniqueIdentifier>
      <Extensions>rc;ico;cur;bmp;dlg;rc2;rct;bin;rgs;gif;jpg;jpeg;jpe;resx;tiff;tif;png;wav;mfcribbon-ms</Extensions>
    </Filter>
    <Filter Include="Configuration">
      <UniqueIdentifier>{948e2cd0-2003-4dc5-a5a0-6ede8766feca}</UniqueIdentifier>
    </Filter>
    <Filter Include="SavePicture">
      <UniqueIdentifier>{67843608-65e6-4ab1-9ed0-76c15e29da16}</UniqueIdentifier>
    </Filter>
    <Filter Include="Association">
      <UniqueIdentifier>{5f38767f-bec3-4d4b-854c-19ecd32b88ae}</UniqueIdentifier>
    </Filter>
    <Filter Include="Intro">
      <UniqueIdentifier>{b8ab152f-3298-4557-94e2-596ff5da631f}</UniqueIdentifier>
    </Filter>
    <Filter Include="header">
      <UniqueIdentifier>{0d07b559-183a-4edc-92ab-5b4ba56b1f7b}</UniqueIdentifier>
    </Filter>
  </ItemGroup>
  <ItemGroup>
    <Text Include="ReadMe.txt" />
  </ItemGroup>
  <ItemGroup>
    <ClCompile Include="ConfigRegards.cpp">
      <Filter>Configuration</Filter>
    </ClCompile>
    <ClCompile Include="SavePicture.cpp">
      <Filter>SavePicture</Filter>
    </ClCompile>
    <ClCompile Include="Association.cpp">
      <Filter>Association</Filter>
    </ClCompile>
    <ClCompile Include="infoAbout.cpp">
      <Filter>Intro</Filter>
    </ClCompile>
    <ClCompile Include="IntroTheme.cpp">
      <Filter>Intro</Filter>
    </ClCompile>
    <ClCompile Include="MyCentralWindowIntro.cpp">
      <Filter>Intro</Filter>
    </ClCompile>
    <ClCompile Include="MyFrameIntro.cpp">
      <Filter>Intro</Filter>
    </ClCompile>
    <ClCompile Include="TitleIntro.cpp">
      <Filter>Intro</Filter>
    </ClCompile>
    <ClCompile Include="..\include\header.cpp">
      <Filter>header</Filter>
    </ClCompile>
    <ClCompile Include="SelectPage.cpp">
      <Filter>SavePicture</Filter>
    </ClCompile>
    <ClCompile Include="ThumbnailSelection.cpp">
      <Filter>SavePicture</Filter>
    </ClCompile>
    <ClCompile Include="ValidationToolbar.cpp">
      <Filter>SavePicture</Filter>
    </ClCompile>
    <ClCompile Include="ThumbnailFileSelection.cpp">
      <Filter>SavePicture</Filter>
    </ClCompile>
    <ClCompile Include="InfosSeparationBarExplorer.cpp">
      <Filter>SavePicture</Filter>
    </ClCompile>
  </ItemGroup>
  <ItemGroup>
    <ClInclude Include="ConfigRegards.h">
      <Filter>Configuration</Filter>
    </ClInclude>
    <ClInclude Include="..\include\header.h">
      <Filter>Fichiers d%27en-tête</Filter>
    </ClInclude>
    <ClInclude Include="SavePicture.h">
      <Filter>SavePicture</Filter>
    </ClInclude>
    <ClInclude Include="Association.h">
      <Filter>Association</Filter>
    </ClInclude>
    <ClInclude Include="infoAbout.h">
      <Filter>Intro</Filter>
    </ClInclude>
    <ClInclude Include="IntroTheme.h">
      <Filter>Intro</Filter>
    </ClInclude>
    <ClInclude Include="MyCentralWindowIntro.h">
      <Filter>Intro</Filter>
    </ClInclude>
    <ClInclude Include="MyFrameIntro.h">
      <Filter>Intro</Filter>
    </ClInclude>
    <ClInclude Include="TitleIntro.h">
      <Filter>Intro</Filter>
    </ClInclude>
    <ClInclude Include="SelectPage.h">
      <Filter>SavePicture</Filter>
    </ClInclude>
    <ClInclude Include="ThumbnailSelection.h">
      <Filter>SavePicture</Filter>
    </ClInclude>
    <ClInclude Include="ValidationToolbar.h">
      <Filter>SavePicture</Filter>
    </ClInclude>
    <ClInclude Include="ThumbnailFileSelection.h">
      <Filter>SavePicture</Filter>
    </ClInclude>
    <ClInclude Include="InfosSeparationBarExplorer.h">
      <Filter>SavePicture</Filter>
    </ClInclude>
  </ItemGroup>
</Project>